// !$*UTF8*$!
{
	archiveVersion = 1;
	classes = {
	};
	objectVersion = 48;
	objects = {

/* Begin PBXBuildFile section */
		41BCF44B1F7CFE6500C50565 /* AppDelegate.swift in Sources */ = {isa = PBXBuildFile; fileRef = 41BCF44A1F7CFE6500C50565 /* AppDelegate.swift */; };
		41BCF44D1F7CFE6500C50565 /* ViewController.swift in Sources */ = {isa = PBXBuildFile; fileRef = 41BCF44C1F7CFE6500C50565 /* ViewController.swift */; };
		41BCF4501F7CFE6500C50565 /* Main.storyboard in Resources */ = {isa = PBXBuildFile; fileRef = 41BCF44E1F7CFE6500C50565 /* Main.storyboard */; };
		41BCF4521F7CFE6500C50565 /* Assets.xcassets in Resources */ = {isa = PBXBuildFile; fileRef = 41BCF4511F7CFE6500C50565 /* Assets.xcassets */; };
		41BCF4551F7CFE6500C50565 /* LaunchScreen.storyboard in Resources */ = {isa = PBXBuildFile; fileRef = 41BCF4531F7CFE6500C50565 /* LaunchScreen.storyboard */; };
		41BCF45D1F7CFE7500C50565 /* ViewController2.swift in Sources */ = {isa = PBXBuildFile; fileRef = 41BCF45C1F7CFE7500C50565 /* ViewController2.swift */; };
/* End PBXBuildFile section */

/* Begin PBXFileReference section */
		41BCF4471F7CFE6500C50565 /* Hello-World2.app */ = {isa = PBXFileReference; explicitFileType = wrapper.application; includeInIndex = 0; path = "Hello-World2.app"; sourceTree = BUILT_PRODUCTS_DIR; };
		41BCF44A1F7CFE6500C50565 /* AppDelegate.swift */ = {isa = PBXFileReference; lastKnownFileType = sourcecode.swift; path = AppDelegate.swift; sourceTree = "<group>"; };
		41BCF44C1F7CFE6500C50565 /* ViewController.swift */ = {isa = PBXFileReference; lastKnownFileType = sourcecode.swift; path = ViewController.swift; sourceTree = "<group>"; };
		41BCF44F1F7CFE6500C50565 /* Base */ = {isa = PBXFileReference; lastKnownFileType = file.storyboard; name = Base; path = Base.lproj/Main.storyboard; sourceTree = "<group>"; };
		41BCF4511F7CFE6500C50565 /* Assets.xcassets */ = {isa = PBXFileReference; lastKnownFileType = folder.assetcatalog; path = Assets.xcassets; sourceTree = "<group>"; };
		41BCF4541F7CFE6500C50565 /* Base */ = {isa = PBXFileReference; lastKnownFileType = file.storyboard; name = Base; path = Base.lproj/LaunchScreen.storyboard; sourceTree = "<group>"; };
		41BCF4561F7CFE6500C50565 /* Info.plist */ = {isa = PBXFileReference; lastKnownFileType = text.plist.xml; path = Info.plist; sourceTree = "<group>"; };
		41BCF45C1F7CFE7500C50565 /* ViewController2.swift */ = {isa = PBXFileReference; lastKnownFileType = sourcecode.swift; path = ViewController2.swift; sourceTree = "<group>"; };
/* End PBXFileReference section */

/* Begin PBXFrameworksBuildPhase section */
		41BCF4441F7CFE6500C50565 /* Frameworks */ = {
			isa = PBXFrameworksBuildPhase;
			buildActionMask = 2147483647;
			files = (
			);
			runOnlyForDeploymentPostprocessing = 0;
		};
/* End PBXFrameworksBuildPhase section */

/* Begin PBXGroup section */
		41BCF43E1F7CFE6500C50565 = {
			isa = PBXGroup;
			children = (
				41BCF4491F7CFE6500C50565 /* Hello-World2 */,
				41BCF4481F7CFE6500C50565 /* Products */,
			);
			sourceTree = "<group>";
		};
		41BCF4481F7CFE6500C50565 /* Products */ = {
			isa = PBXGroup;
			children = (
				41BCF4471F7CFE6500C50565 /* Hello-World2.app */,
			);
			name = Products;
			sourceTree = "<group>";
		};
		41BCF4491F7CFE6500C50565 /* Hello-World2 */ = {
			isa = PBXGroup;
			children = (
				41BCF44A1F7CFE6500C50565 /* AppDelegate.swift */,
				41BCF44C1F7CFE6500C50565 /* ViewController.swift */,
				41BCF45C1F7CFE7500C50565 /* ViewController2.swift */,
				41BCF44E1F7CFE6500C50565 /* Main.storyboard */,
				41BCF4511F7CFE6500C50565 /* Assets.xcassets */,
				41BCF4531F7CFE6500C50565 /* LaunchScreen.storyboard */,
				41BCF4561F7CFE6500C50565 /* Info.plist */,
			);
			path = "Hello-World2";
			sourceTree = "<group>";
		};
/* End PBXGroup section */

/* Begin PBXNativeTarget section */
		41BCF4461F7CFE6500C50565 /* Hello-World2 */ = {
			isa = PBXNativeTarget;
			buildConfigurationList = 41BCF4591F7CFE6500C50565 /* Build configuration list for PBXNativeTarget "Hello-World2" */;
			buildPhases = (
				41BCF4431F7CFE6500C50565 /* Sources */,
				41BCF4441F7CFE6500C50565 /* Frameworks */,
				41BCF4451F7CFE6500C50565 /* Resources */,
			);
			buildRules = (
			);
			dependencies = (
			);
			name = "Hello-World2";
			productName = "Hello-World2";
			productReference = 41BCF4471F7CFE6500C50565 /* Hello-World2.app */;
			productType = "com.apple.product-type.application";
		};
/* End PBXNativeTarget section */

/* Begin PBXProject section */
		41BCF43F1F7CFE6500C50565 /* Project object */ = {
			isa = PBXProject;
			attributes = {
				LastSwiftUpdateCheck = 0900;
				LastUpgradeCheck = 0900;
				ORGANIZATIONNAME = Ravi;
				TargetAttributes = {
					41BCF4461F7CFE6500C50565 = {
						CreatedOnToolsVersion = 9.0;
						ProvisioningStyle = Automatic;
					};
				};
			};
			buildConfigurationList = 41BCF4421F7CFE6500C50565 /* Build configuration list for PBXProject "Hello-World2" */;
			compatibilityVersion = "Xcode 8.0";
			developmentRegion = en;
			hasScannedForEncodings = 0;
			knownRegions = (
				en,
				Base,
			);
			mainGroup = 41BCF43E1F7CFE6500C50565;
			productRefGroup = 41BCF4481F7CFE6500C50565 /* Products */;
			projectDirPath = "";
			projectRoot = "";
			targets = (
				41BCF4461F7CFE6500C50565 /* Hello-World2 */,
			);
		};
/* End PBXProject section */

/* Begin PBXResourcesBuildPhase section */
		41BCF4451F7CFE6500C50565 /* Resources */ = {
			isa = PBXResourcesBuildPhase;
			buildActionMask = 2147483647;
			files = (
				41BCF4551F7CFE6500C50565 /* LaunchScreen.storyboard in Resources */,
				41BCF4521F7CFE6500C50565 /* Assets.xcassets in Resources */,
				41BCF4501F7CFE6500C50565 /* Main.storyboard in Resources */,
			);
			runOnlyForDeploymentPostprocessing = 0;
		};
/* End PBXResourcesBuildPhase section */

/* Begin PBXSourcesBuildPhase section */
		41BCF4431F7CFE6500C50565 /* Sources */ = {
			isa = PBXSourcesBuildPhase;
			buildActionMask = 2147483647;
			files = (
				41BCF44D1F7CFE6500C50565 /* ViewController.swift in Sources */,
				41BCF44B1F7CFE6500C50565 /* AppDelegate.swift in Sources */,
				41BCF45D1F7CFE7500C50565 /* ViewController2.swift in Sources */,
			);
			runOnlyForDeploymentPostprocessing = 0;
		};
/* End PBXSourcesBuildPhase section */

/* Begin PBXVariantGroup section */
		41BCF44E1F7CFE6500C50565 /* Main.storyboard */ = {
			isa = PBXVariantGroup;
			children = (
				41BCF44F1F7CFE6500C50565 /* Base */,
			);
			name = Main.storyboard;
			sourceTree = "<group>";
		};
		41BCF4531F7CFE6500C50565 /* LaunchScreen.storyboard */ = {
			isa = PBXVariantGroup;
			children = (
				41BCF4541F7CFE6500C50565 /* Base */,
			);
			name = LaunchScreen.storyboard;
			sourceTree = "<group>";
		};
/* End PBXVariantGroup section */

/* Begin XCBuildConfiguration section */
		41BCF4571F7CFE6500C50565 /* Debug */ = {
			isa = XCBuildConfiguration;
			buildSettings = {
				ALWAYS_SEARCH_USER_PATHS = NO;
				CLANG_ANALYZER_NONNULL = YES;
				CLANG_ANALYZER_NUMBER_OBJECT_CONVERSION = YES_AGGRESSIVE;
				CLANG_CXX_LANGUAGE_STANDARD = "gnu++14";
				CLANG_CXX_LIBRARY = "libc++";
				CLANG_ENABLE_MODULES = YES;
				CLANG_ENABLE_OBJC_ARC = YES;
				CLANG_WARN_BLOCK_CAPTURE_AUTORELEASING = YES;
				CLANG_WARN_BOOL_CONVERSION = YES;
				CLANG_WARN_COMMA = YES;
				CLANG_WARN_CONSTANT_CONVERSION = YES;
				CLANG_WARN_DIRECT_OBJC_ISA_USAGE = YES_ERROR;
				CLANG_WARN_DOCUMENTATION_COMMENTS = YES;
				CLANG_WARN_EMPTY_BODY = YES;
				CLANG_WARN_ENUM_CONVERSION = YES;
				CLANG_WARN_INFINITE_RECURSION = YES;
				CLANG_WARN_INT_CONVERSION = YES;
				CLANG_WARN_NON_LITERAL_NULL_CONVERSION = YES;
				CLANG_WARN_OBJC_LITERAL_CONVERSION = YES;
				CLANG_WARN_OBJC_ROOT_CLASS = YES_ERROR;
				CLANG_WARN_RANGE_LOOP_ANALYSIS = YES;
				CLANG_WARN_STRICT_PROTOTYPES = YES;
				CLANG_WARN_SUSPICIOUS_MOVE = YES;
				CLANG_WARN_UNGUARDED_AVAILABILITY = YES_AGGRESSIVE;
				CLANG_WARN_UNREACHABLE_CODE = YES;
				CLANG_WARN__DUPLICATE_METHOD_MATCH = YES;
				CODE_SIGN_IDENTITY = "iPhone Developer";
				COPY_PHASE_STRIP = NO;
				DEBUG_INFORMATION_FORMAT = dwarf;
				ENABLE_STRICT_OBJC_MSGSEND = YES;
				ENABLE_TESTABILITY = YES;
				GCC_C_LANGUAGE_STANDARD = gnu11;
				GCC_DYNAMIC_NO_PIC = NO;
				GCC_NO_COMMON_BLOCKS = YES;
				GCC_OPTIMIZATION_LEVEL = 0;
				GCC_PREPROCESSOR_DEFINITIONS = (
					"DEBUG=1",
					"$(inherited)",
				);
				GCC_WARN_64_TO_32_BIT_CONVERSION = YES;
				GCC_WARN_ABOUT_RETURN_TYPE = YES_ERROR;
				GCC_WARN_UNDECLARED_SELECTOR = YES;
				GCC_WARN_UNINITIALIZED_AUTOS = YES_AGGRESSIVE;
				GCC_WARN_UNUSED_FUNCTION = YES;
				GCC_WARN_UNUSED_VARIABLE = YES;
				IPHONEOS_DEPLOYMENT_TARGET = 11.0;
				MTL_ENABLE_DEBUG_INFO = YES;
				ONLY_ACTIVE_ARCH = YES;
				SDKROOT = iphoneos;
				SWIFT_ACTIVE_COMPILATION_CONDITIONS = DEBUG;
				SWIFT_OPTIMIZATION_LEVEL = "-Onone";
			};
			name = Debug;
		};
		41BCF4581F7CFE6500C50565 /* Release */ = {
			isa = XCBuildConfiguration;
			buildSettings = {
				ALWAYS_SEARCH_USER_PATHS = NO;
				CLANG_ANALYZER_NONNULL = YES;
				CLANG_ANALYZER_NUMBER_OBJECT_CONVERSION = YES_AGGRESSIVE;
				CLANG_CXX_LANGUAGE_STANDARD = "gnu++14";
				CLANG_CXX_LIBRARY = "libc++";
				CLANG_ENABLE_MODULES = YES;
				CLANG_ENABLE_OBJC_ARC = YES;
				CLANG_WARN_BLOCK_CAPTURE_AUTORELEASING = YES;
				CLANG_WARN_BOOL_CONVERSION = YES;
				CLANG_WARN_COMMA = YES;
				CLANG_WARN_CONSTANT_CONVERSION = YES;
				CLANG_WARN_DIRECT_OBJC_ISA_USAGE = YES_ERROR;
				CLANG_WARN_DOCUMENTATION_COMMENTS = YES;
				CLANG_WARN_EMPTY_BODY = YES;
				CLANG_WARN_ENUM_CONVERSION = YES;
				CLANG_WARN_INFINITE_RECURSION = YES;
				CLANG_WARN_INT_CONVERSION = YES;
				CLANG_WARN_NON_LITERAL_NULL_CONVERSION = YES;
				CLANG_WARN_OBJC_LITERAL_CONVERSION = YES;
				CLANG_WARN_OBJC_ROOT_CLASS = YES_ERROR;
				CLANG_WARN_RANGE_LOOP_ANALYSIS = YES;
				CLANG_WARN_STRICT_PROTOTYPES = YES;
				CLANG_WARN_SUSPICIOUS_MOVE = YES;
				CLANG_WARN_UNGUARDED_AVAILABILITY = YES_AGGRESSIVE;
				CLANG_WARN_UNREACHABLE_CODE = YES;
				CLANG_WARN__DUPLICATE_METHOD_MATCH = YES;
				CODE_SIGN_IDENTITY = "iPhone Developer";
				COPY_PHASE_STRIP = NO;
				DEBUG_INFORMATION_FORMAT = "dwarf-with-dsym";
				ENABLE_NS_ASSERTIONS = NO;
				ENABLE_STRICT_OBJC_MSGSEND = YES;
				GCC_C_LANGUAGE_STANDARD = gnu11;
				GCC_NO_COMMON_BLOCKS = YES;
				GCC_WARN_64_TO_32_BIT_CONVERSION = YES;
				GCC_WARN_ABOUT_RETURN_TYPE = YES_ERROR;
				GCC_WARN_UNDECLARED_SELECTOR = YES;
				GCC_WARN_UNINITIALIZED_AUTOS = YES_AGGRESSIVE;
				GCC_WARN_UNUSED_FUNCTION = YES;
				GCC_WARN_UNUSED_VARIABLE = YES;
				IPHONEOS_DEPLOYMENT_TARGET = 11.0;
				MTL_ENABLE_DEBUG_INFO = NO;
				SDKROOT = iphoneos;
				SWIFT_OPTIMIZATION_LEVEL = "-Owholemodule";
				VALIDATE_PRODUCT = YES;
			};
			name = Release;
		};
		41BCF45A1F7CFE6500C50565 /* Debug */ = {
			isa = XCBuildConfiguration;
			buildSettings = {
				ASSETCATALOG_COMPILER_APPICON_NAME = AppIcon;
				CODE_SIGN_STYLE = Automatic;
				INFOPLIST_FILE = "Hello-World2/Info.plist";
				LD_RUNPATH_SEARCH_PATHS = "$(inherited) @executable_path/Frameworks";
				PRODUCT_BUNDLE_IDENTIFIER = "company.Hello-World2";
				PRODUCT_NAME = "$(TARGET_NAME)";
				SWIFT_VERSION = 4.0;
				TARGETED_DEVICE_FAMILY = "1,2";
			};
			name = Debug;
		};
		41BCF45B1F7CFE6500C50565 /* Release */ = {
			isa = XCBuildConfiguration;
			buildSettings = {
				ASSETCATALOG_COMPILER_APPICON_NAME = AppIcon;
				CODE_SIGN_STYLE = Automatic;
				INFOPLIST_FILE = "Hello-World2/Info.plist";
				LD_RUNPATH_SEARCH_PATHS = "$(inherited) @executable_path/Frameworks";
				PRODUCT_BUNDLE_IDENTIFIER = "company.Hello-World2";
				PRODUCT_NAME = "$(TARGET_NAME)";
				SWIFT_VERSION = 4.0;
				TARGETED_DEVICE_FAMILY = "1,2";
			};
			name = Release;
		};
/* End XCBuildConfiguration section */

/* Begin XCConfigurationList section */
		41BCF4421F7CFE6500C50565 /* Build configuration list for PBXProject "Hello-World2" */ = {
			isa = XCConfigurationList;
			buildConfigurations = (
				41BCF4571F7CFE6500C50565 /* Debug */,
				41BCF4581F7CFE6500C50565 /* Release */,
			);
			defaultConfigurationIsVisible = 0;
			defaultConfigurationName = Release;
		};
		41BCF4591F7CFE6500C50565 /* Build configuration list for PBXNativeTarget "Hello-World2" */ = {
			isa = XCConfigurationList;
			buildConfigurations = (
				41BCF45A1F7CFE6500C50565 /* Debug */,
				41BCF45B1F7CFE6500C50565 /* Release */,
			);
			defaultConfigurationIsVisible = 0;
			defaultConfigurationName = Release;
		};
/* End XCConfigurationList section */
	};
	rootObject = 41BCF43F1F7CFE6500C50565 /* Project object */;
}
